
Microsoft Visual Studio Solution File, Format Version 12.00
# Visual Studio 14
VisualStudioVersion = 14.0.23107.0
MinimumVisualStudioVersion = 10.0.40219.1
Project("{FAE04EC0-301F-11D3-BF4B-00C04F79EFBC}") = "Crufty", "Crufty\Crufty.csproj", "{4910A675-3B4A-42BC-B763-EDA556E73223}"
EndProject
Project("{FAE04EC0-301F-11D3-BF4B-00C04F79EFBC}") = "CruftyWeb", "WebApplication1\CruftyWeb.csproj", "{235F7BBC-2C9A-4BB6-87CA-0C83BE4305CA}"
EndProject
Project("{FAE04EC0-301F-11D3-BF4B-00C04F79EFBC}") = "CruftyLib", "MongoLib\CruftyLib.csproj", "{0209D002-179B-462B-9A91-6CD349272A32}"
EndProject
Global
	GlobalSection(SolutionConfigurationPlatforms) = preSolution
		Debug|Any CPU = Debug|Any CPU
		Release|Any CPU = Release|Any CPU
	EndGlobalSection
	GlobalSection(ProjectConfigurationPlatforms) = postSolution
		{4910A675-3B4A-42BC-B763-EDA556E73223}.Debug|Any CPU.ActiveCfg = Debug|Any CPU
		{4910A675-3B4A-42BC-B763-EDA556E73223}.Debug|Any CPU.Build.0 = Debug|Any CPU
		{4910A675-3B4A-42BC-B763-EDA556E73223}.Release|Any CPU.ActiveCfg = Release|Any CPU
		{4910A675-3B4A-42BC-B763-EDA556E73223}.Release|Any CPU.Build.0 = Release|Any CPU
		{235F7BBC-2C9A-4BB6-87CA-0C83BE4305CA}.Debug|Any CPU.ActiveCfg = Debug|Any CPU
		{235F7BBC-2C9A-4BB6-87CA-0C83BE4305CA}.Debug|Any CPU.Build.0 = Debug|Any CPU
		{235F7BBC-2C9A-4BB6-87CA-0C83BE4305CA}.Release|Any CPU.ActiveCfg = Release|Any CPU
		{235F7BBC-2C9A-4BB6-87CA-0C83BE4305CA}.Release|Any CPU.Build.0 = Release|Any CPU
		{0209D002-179B-462B-9A91-6CD349272A32}.Debug|Any CPU.ActiveCfg = Debug|Any CPU
		{0209D002-179B-462B-9A91-6CD349272A32}.Debug|Any CPU.Build.0 = Debug|Any CPU
		{0209D002-179B-462B-9A91-6CD349272A32}.Release|Any CPU.ActiveCfg = Release|Any CPU
		{0209D002-179B-462B-9A91-6CD349272A32}.Release|Any CPU.Build.0 = Release|Any CPU
	EndGlobalSection
	GlobalSection(SolutionProperties) = preSolution
		HideSolutionNode = FALSE
	EndGlobalSection
EndGlobal
